
Microsoft Visual Studio Solution File, Format Version 12.00
# Visual Studio Version 17
VisualStudioVersion = 17.5.33530.505
MinimumVisualStudioVersion = 10.0.40219.1
Project("{9A19103F-16F7-4668-BE54-9A1E7A4F7556}") = "B0L3FV_HFT_2022232.Client", "B0L3FV_HFT_2022232.Client\B0L3FV_HFT_2022232.Client.csproj", "{B969002D-9BAD-4064-8FDA-E49F676B33AA}"
EndProject
Project("{9A19103F-16F7-4668-BE54-9A1E7A4F7556}") = "B0L3FV_HFT_2022232.Models", "B0L3FV_HFT_2022232.Models\B0L3FV_HFT_2022232.Models.csproj", "{8BA1C0E0-FADD-4E7B-A0A6-AEA5137ADB03}"
EndProject
Project("{9A19103F-16F7-4668-BE54-9A1E7A4F7556}") = "B0L3FV_HFT_2022232.Logic", "B0L3FV_HFT_2022232.Logic\B0L3FV_HFT_2022232.Logic.csproj", "{2DC070B4-7A10-47F5-A270-AFA938469E74}"
EndProject
Project("{9A19103F-16F7-4668-BE54-9A1E7A4F7556}") = "B0L3FV_HFT_2022232.Repository", "B0L3FV_HFT_2022232.Repository\B0L3FV_HFT_2022232.Repository.csproj", "{BEB9F988-B993-436D-B418-930BF65095F8}"
EndProject
Project("{9A19103F-16F7-4668-BE54-9A1E7A4F7556}") = "B0L3FV_HFT_2022232.Test", "B0L3FV_HFT_2022232.Test\B0L3FV_HFT_2022232.Test.csproj", "{DD0AB694-E110-4883-91DC-BAF04C7E1B57}"
EndProject
Project("{2150E333-8FDC-42A3-9474-1A3956D46DE8}") = "Backend", "Backend", "{342749B4-1CFE-42DB-B53A-3D72C400B251}"
EndProject
Project("{2150E333-8FDC-42A3-9474-1A3956D46DE8}") = "Frontend", "Frontend", "{0C91FEBC-C1E7-47EF-815A-EED3B1E1C785}"
EndProject
Project("{2150E333-8FDC-42A3-9474-1A3956D46DE8}") = "Shared", "Shared", "{4D8F5718-35E0-4A1A-8DC4-C232B64C112C}"
EndProject
Project("{FAE04EC0-301F-11D3-BF4B-00C04F79EFBC}") = "B0L3FV_HFT_2022232.Endpoint", "B0L3FV_HFT_202232.Endpoint\B0L3FV_HFT_2022232.Endpoint.csproj", "{2D22E12E-C198-4693-8A08-A5BCB64DC762}"
EndProject
Global
	GlobalSection(SolutionConfigurationPlatforms) = preSolution
		Debug|Any CPU = Debug|Any CPU
		Release|Any CPU = Release|Any CPU
	EndGlobalSection
	GlobalSection(ProjectConfigurationPlatforms) = postSolution
		{B969002D-9BAD-4064-8FDA-E49F676B33AA}.Debug|Any CPU.ActiveCfg = Debug|Any CPU
		{B969002D-9BAD-4064-8FDA-E49F676B33AA}.Debug|Any CPU.Build.0 = Debug|Any CPU
		{B969002D-9BAD-4064-8FDA-E49F676B33AA}.Release|Any CPU.ActiveCfg = Release|Any CPU
		{B969002D-9BAD-4064-8FDA-E49F676B33AA}.Release|Any CPU.Build.0 = Release|Any CPU
		{8BA1C0E0-FADD-4E7B-A0A6-AEA5137ADB03}.Debug|Any CPU.ActiveCfg = Debug|Any CPU
		{8BA1C0E0-FADD-4E7B-A0A6-AEA5137ADB03}.Debug|Any CPU.Build.0 = Debug|Any CPU
		{8BA1C0E0-FADD-4E7B-A0A6-AEA5137ADB03}.Release|Any CPU.ActiveCfg = Release|Any CPU
		{8BA1C0E0-FADD-4E7B-A0A6-AEA5137ADB03}.Release|Any CPU.Build.0 = Release|Any CPU
		{2DC070B4-7A10-47F5-A270-AFA938469E74}.Debug|Any CPU.ActiveCfg = Debug|Any CPU
		{2DC070B4-7A10-47F5-A270-AFA938469E74}.Debug|Any CPU.Build.0 = Debug|Any CPU
		{2DC070B4-7A10-47F5-A270-AFA938469E74}.Release|Any CPU.ActiveCfg = Release|Any CPU
		{2DC070B4-7A10-47F5-A270-AFA938469E74}.Release|Any CPU.Build.0 = Release|Any CPU
		{BEB9F988-B993-436D-B418-930BF65095F8}.Debug|Any CPU.ActiveCfg = Debug|Any CPU
		{BEB9F988-B993-436D-B418-930BF65095F8}.Debug|Any CPU.Build.0 = Debug|Any CPU
		{BEB9F988-B993-436D-B418-930BF65095F8}.Release|Any CPU.ActiveCfg = Release|Any CPU
		{BEB9F988-B993-436D-B418-930BF65095F8}.Release|Any CPU.Build.0 = Release|Any CPU
		{DD0AB694-E110-4883-91DC-BAF04C7E1B57}.Debug|Any CPU.ActiveCfg = Debug|Any CPU
		{DD0AB694-E110-4883-91DC-BAF04C7E1B57}.Debug|Any CPU.Build.0 = Debug|Any CPU
		{DD0AB694-E110-4883-91DC-BAF04C7E1B57}.Release|Any CPU.ActiveCfg = Release|Any CPU
		{DD0AB694-E110-4883-91DC-BAF04C7E1B57}.Release|Any CPU.Build.0 = Release|Any CPU
		{2D22E12E-C198-4693-8A08-A5BCB64DC762}.Debug|Any CPU.ActiveCfg = Debug|Any CPU
		{2D22E12E-C198-4693-8A08-A5BCB64DC762}.Debug|Any CPU.Build.0 = Debug|Any CPU
		{2D22E12E-C198-4693-8A08-A5BCB64DC762}.Release|Any CPU.ActiveCfg = Release|Any CPU
		{2D22E12E-C198-4693-8A08-A5BCB64DC762}.Release|Any CPU.Build.0 = Release|Any CPU
	EndGlobalSection
	GlobalSection(SolutionProperties) = preSolution
		HideSolutionNode = FALSE
	EndGlobalSection
	GlobalSection(NestedProjects) = preSolution
		{B969002D-9BAD-4064-8FDA-E49F676B33AA} = {0C91FEBC-C1E7-47EF-815A-EED3B1E1C785}
		{8BA1C0E0-FADD-4E7B-A0A6-AEA5137ADB03} = {4D8F5718-35E0-4A1A-8DC4-C232B64C112C}
		{2DC070B4-7A10-47F5-A270-AFA938469E74} = {342749B4-1CFE-42DB-B53A-3D72C400B251}
		{BEB9F988-B993-436D-B418-930BF65095F8} = {342749B4-1CFE-42DB-B53A-3D72C400B251}
		{DD0AB694-E110-4883-91DC-BAF04C7E1B57} = {342749B4-1CFE-42DB-B53A-3D72C400B251}
	EndGlobalSection
	GlobalSection(ExtensibilityGlobals) = postSolution
		SolutionGuid = {2171C6EE-8EEC-4CD4-B49C-8A500CAD8361}
	EndGlobalSection
EndGlobal
